
Microsoft Visual Studio Solution File, Format Version 12.00
# Visual Studio Version 17
VisualStudioVersion = 17.9.34622.214
MinimumVisualStudioVersion = 10.0.40219.1
Project("{FAE04EC0-301F-11D3-BF4B-00C04F79EFBC}") = "Wallet_Manager", "Wallet_Manager\Wallet_Manager.csproj", "{22251719-8F12-48BE-9FA5-E6F6A6EE7A79}"
EndProject
Project("{54435603-DBB4-11D2-8724-00A0C9A8B90C}") = "Wallet-Manager", "Wallet-Manager\Wallet-Manager.vdproj", "{F6BF30DF-04BD-4095-97D4-C93DB0563A30}"
EndProject
Global
	GlobalSection(SolutionConfigurationPlatforms) = preSolution
		Debug|Any CPU = Debug|Any CPU
		Release|Any CPU = Release|Any CPU
	EndGlobalSection
	GlobalSection(ProjectConfigurationPlatforms) = postSolution
		{22251719-8F12-48BE-9FA5-E6F6A6EE7A79}.Debug|Any CPU.ActiveCfg = Debug|Any CPU
		{22251719-8F12-48BE-9FA5-E6F6A6EE7A79}.Debug|Any CPU.Build.0 = Debug|Any CPU
		{22251719-8F12-48BE-9FA5-E6F6A6EE7A79}.Release|Any CPU.ActiveCfg = Release|Any CPU
		{22251719-8F12-48BE-9FA5-E6F6A6EE7A79}.Release|Any CPU.Build.0 = Release|Any CPU
		{F6BF30DF-04BD-4095-97D4-C93DB0563A30}.Debug|Any CPU.ActiveCfg = Debug
		{F6BF30DF-04BD-4095-97D4-C93DB0563A30}.Release|Any CPU.ActiveCfg = Release
	EndGlobalSection
	GlobalSection(SolutionProperties) = preSolution
		HideSolutionNode = FALSE
	EndGlobalSection
	GlobalSection(ExtensibilityGlobals) = postSolution
		SolutionGuid = {07FE6525-CA2D-4DB2-89A4-60130335B922}
	EndGlobalSection
EndGlobal
